// !$*UTF8*$!
{
	archiveVersion = 1;
	classes = {
	};
	objectVersion = 46;
	objects = {

/* Begin PBXBuildFile section */
		6E11DA411ED28E43003F09B2 /* AppDelegate.swift in Sources */ = {isa = PBXBuildFile; fileRef = 6E11DA401ED28E43003F09B2 /* AppDelegate.swift */; };
		6E11DA431ED28E43003F09B2 /* ViewController.swift in Sources */ = {isa = PBXBuildFile; fileRef = 6E11DA421ED28E43003F09B2 /* ViewController.swift */; };
		6E11DA461ED28E43003F09B2 /* Main.storyboard in Resources */ = {isa = PBXBuildFile; fileRef = 6E11DA441ED28E43003F09B2 /* Main.storyboard */; };
		6E11DA491ED28E43003F09B2 /* TacoPOP.xcdatamodeld in Sources */ = {isa = PBXBuildFile; fileRef = 6E11DA471ED28E43003F09B2 /* TacoPOP.xcdatamodeld */; };
		6E11DA4B1ED28E43003F09B2 /* Assets.xcassets in Resources */ = {isa = PBXBuildFile; fileRef = 6E11DA4A1ED28E43003F09B2 /* Assets.xcassets */; };
		6E11DA4E1ED28E43003F09B2 /* LaunchScreen.storyboard in Resources */ = {isa = PBXBuildFile; fileRef = 6E11DA4C1ED28E43003F09B2 /* LaunchScreen.storyboard */; };
		6E11DA591ED28E44003F09B2 /* TacoPOPTests.swift in Sources */ = {isa = PBXBuildFile; fileRef = 6E11DA581ED28E44003F09B2 /* TacoPOPTests.swift */; };
/* End PBXBuildFile section */

/* Begin PBXContainerItemProxy section */
		6E11DA551ED28E44003F09B2 /* PBXContainerItemProxy */ = {
			isa = PBXContainerItemProxy;
			containerPortal = 6E11DA351ED28E43003F09B2 /* Project object */;
			proxyType = 1;
			remoteGlobalIDString = 6E11DA3C1ED28E43003F09B2;
			remoteInfo = TacoPOP;
		};
/* End PBXContainerItemProxy section */

/* Begin PBXFileReference section */
		6E11DA3D1ED28E43003F09B2 /* TacoPOP.app */ = {isa = PBXFileReference; explicitFileType = wrapper.application; includeInIndex = 0; path = TacoPOP.app; sourceTree = BUILT_PRODUCTS_DIR; };
		6E11DA401ED28E43003F09B2 /* AppDelegate.swift */ = {isa = PBXFileReference; lastKnownFileType = sourcecode.swift; path = AppDelegate.swift; sourceTree = "<group>"; };
		6E11DA421ED28E43003F09B2 /* ViewController.swift */ = {isa = PBXFileReference; lastKnownFileType = sourcecode.swift; path = ViewController.swift; sourceTree = "<group>"; };
		6E11DA451ED28E43003F09B2 /* Base */ = {isa = PBXFileReference; lastKnownFileType = file.storyboard; name = Base; path = Base.lproj/Main.storyboard; sourceTree = "<group>"; };
		6E11DA481ED28E43003F09B2 /* TacoPOP.xcdatamodel */ = {isa = PBXFileReference; lastKnownFileType = wrapper.xcdatamodel; path = TacoPOP.xcdatamodel; sourceTree = "<group>"; };
		6E11DA4A1ED28E43003F09B2 /* Assets.xcassets */ = {isa = PBXFileReference; lastKnownFileType = folder.assetcatalog; path = Assets.xcassets; sourceTree = "<group>"; };
		6E11DA4D1ED28E43003F09B2 /* Base */ = {isa = PBXFileReference; lastKnownFileType = file.storyboard; name = Base; path = Base.lproj/LaunchScreen.storyboard; sourceTree = "<group>"; };
		6E11DA4F1ED28E43003F09B2 /* Info.plist */ = {isa = PBXFileReference; lastKnownFileType = text.plist.xml; path = Info.plist; sourceTree = "<group>"; };
		6E11DA541ED28E44003F09B2 /* TacoPOPTests.xctest */ = {isa = PBXFileReference; explicitFileType = wrapper.cfbundle; includeInIndex = 0; path = TacoPOPTests.xctest; sourceTree = BUILT_PRODUCTS_DIR; };
		6E11DA581ED28E44003F09B2 /* TacoPOPTests.swift */ = {isa = PBXFileReference; lastKnownFileType = sourcecode.swift; path = TacoPOPTests.swift; sourceTree = "<group>"; };
		6E11DA5A1ED28E44003F09B2 /* Info.plist */ = {isa = PBXFileReference; lastKnownFileType = text.plist.xml; path = Info.plist; sourceTree = "<group>"; };
/* End PBXFileReference section */

/* Begin PBXFrameworksBuildPhase section */
		6E11DA3A1ED28E43003F09B2 /* Frameworks */ = {
			isa = PBXFrameworksBuildPhase;
			buildActionMask = 2147483647;
			files = (
			);
			runOnlyForDeploymentPostprocessing = 0;
		};
		6E11DA511ED28E44003F09B2 /* Frameworks */ = {
			isa = PBXFrameworksBuildPhase;
			buildActionMask = 2147483647;
			files = (
			);
			runOnlyForDeploymentPostprocessing = 0;
		};
/* End PBXFrameworksBuildPhase section */

/* Begin PBXGroup section */
		6E11DA341ED28E43003F09B2 = {
			isa = PBXGroup;
			children = (
				6E11DA3F1ED28E43003F09B2 /* TacoPOP */,
				6E11DA571ED28E44003F09B2 /* TacoPOPTests */,
				6E11DA3E1ED28E43003F09B2 /* Products */,
			);
			sourceTree = "<group>";
		};
		6E11DA3E1ED28E43003F09B2 /* Products */ = {
			isa = PBXGroup;
			children = (
				6E11DA3D1ED28E43003F09B2 /* TacoPOP.app */,
				6E11DA541ED28E44003F09B2 /* TacoPOPTests.xctest */,
			);
			name = Products;
			sourceTree = "<group>";
		};
		6E11DA3F1ED28E43003F09B2 /* TacoPOP */ = {
			isa = PBXGroup;
			children = (
				6E11DA401ED28E43003F09B2 /* AppDelegate.swift */,
				6E11DA421ED28E43003F09B2 /* ViewController.swift */,
				6E11DA441ED28E43003F09B2 /* Main.storyboard */,
				6E11DA4A1ED28E43003F09B2 /* Assets.xcassets */,
				6E11DA4C1ED28E43003F09B2 /* LaunchScreen.storyboard */,
				6E11DA4F1ED28E43003F09B2 /* Info.plist */,
				6E11DA471ED28E43003F09B2 /* TacoPOP.xcdatamodeld */,
			);
			path = TacoPOP;
			sourceTree = "<group>";
		};
		6E11DA571ED28E44003F09B2 /* TacoPOPTests */ = {
			isa = PBXGroup;
			children = (
				6E11DA581ED28E44003F09B2 /* TacoPOPTests.swift */,
				6E11DA5A1ED28E44003F09B2 /* Info.plist */,
			);
			path = TacoPOPTests;
			sourceTree = "<group>";
		};
/* End PBXGroup section */

/* Begin PBXNativeTarget section */
		6E11DA3C1ED28E43003F09B2 /* TacoPOP */ = {
			isa = PBXNativeTarget;
			buildConfigurationList = 6E11DA5D1ED28E44003F09B2 /* Build configuration list for PBXNativeTarget "TacoPOP" */;
			buildPhases = (
				6E11DA391ED28E43003F09B2 /* Sources */,
				6E11DA3A1ED28E43003F09B2 /* Frameworks */,
				6E11DA3B1ED28E43003F09B2 /* Resources */,
			);
			buildRules = (
			);
			dependencies = (
			);
			name = TacoPOP;
			productName = TacoPOP;
			productReference = 6E11DA3D1ED28E43003F09B2 /* TacoPOP.app */;
			productType = "com.apple.product-type.application";
		};
		6E11DA531ED28E44003F09B2 /* TacoPOPTests */ = {
			isa = PBXNativeTarget;
			buildConfigurationList = 6E11DA601ED28E44003F09B2 /* Build configuration list for PBXNativeTarget "TacoPOPTests" */;
			buildPhases = (
				6E11DA501ED28E44003F09B2 /* Sources */,
				6E11DA511ED28E44003F09B2 /* Frameworks */,
				6E11DA521ED28E44003F09B2 /* Resources */,
			);
			buildRules = (
			);
			dependencies = (
				6E11DA561ED28E44003F09B2 /* PBXTargetDependency */,
			);
			name = TacoPOPTests;
			productName = TacoPOPTests;
			productReference = 6E11DA541ED28E44003F09B2 /* TacoPOPTests.xctest */;
			productType = "com.apple.product-type.bundle.unit-test";
		};
/* End PBXNativeTarget section */

/* Begin PBXProject section */
		6E11DA351ED28E43003F09B2 /* Project object */ = {
			isa = PBXProject;
			attributes = {
				LastSwiftUpdateCheck = 0830;
				LastUpgradeCheck = 0830;
				ORGANIZATIONNAME = dscode;
				TargetAttributes = {
					6E11DA3C1ED28E43003F09B2 = {
						CreatedOnToolsVersion = 8.3.2;
						ProvisioningStyle = Automatic;
					};
					6E11DA531ED28E44003F09B2 = {
						CreatedOnToolsVersion = 8.3.2;
						ProvisioningStyle = Automatic;
						TestTargetID = 6E11DA3C1ED28E43003F09B2;
					};
				};
			};
			buildConfigurationList = 6E11DA381ED28E43003F09B2 /* Build configuration list for PBXProject "TacoPOP" */;
			compatibilityVersion = "Xcode 3.2";
			developmentRegion = English;
			hasScannedForEncodings = 0;
			knownRegions = (
				en,
				Base,
			);
			mainGroup = 6E11DA341ED28E43003F09B2;
			productRefGroup = 6E11DA3E1ED28E43003F09B2 /* Products */;
			projectDirPath = "";
			projectRoot = "";
			targets = (
				6E11DA3C1ED28E43003F09B2 /* TacoPOP */,
				6E11DA531ED28E44003F09B2 /* TacoPOPTests */,
			);
		};
/* End PBXProject section */

/* Begin PBXResourcesBuildPhase section */
		6E11DA3B1ED28E43003F09B2 /* Resources */ = {
			isa = PBXResourcesBuildPhase;
			buildActionMask = 2147483647;
			files = (
				6E11DA4E1ED28E43003F09B2 /* LaunchScreen.storyboard in Resources */,
				6E11DA4B1ED28E43003F09B2 /* Assets.xcassets in Resources */,
				6E11DA461ED28E43003F09B2 /* Main.storyboard in Resources */,
			);
			runOnlyForDeploymentPostprocessing = 0;
		};
		6E11DA521ED28E44003F09B2 /* Resources */ = {
			isa = PBXResourcesBuildPhase;
			buildActionMask = 2147483647;
			files = (
			);
			runOnlyForDeploymentPostprocessing = 0;
		};
/* End PBXResourcesBuildPhase section */

/* Begin PBXSourcesBuildPhase section */
		6E11DA391ED28E43003F09B2 /* Sources */ = {
			isa = PBXSourcesBuildPhase;
			buildActionMask = 2147483647;
			files = (
				6E11DA431ED28E43003F09B2 /* ViewController.swift in Sources */,
				6E11DA411ED28E43003F09B2 /* AppDelegate.swift in Sources */,
				6E11DA491ED28E43003F09B2 /* TacoPOP.xcdatamodeld in Sources */,
			);
			runOnlyForDeploymentPostprocessing = 0;
		};
		6E11DA501ED28E44003F09B2 /* Sources */ = {
			isa = PBXSourcesBuildPhase;
			buildActionMask = 2147483647;
			files = (
				6E11DA591ED28E44003F09B2 /* TacoPOPTests.swift in Sources */,
			);
			runOnlyForDeploymentPostprocessing = 0;
		};
/* End PBXSourcesBuildPhase section */

/* Begin PBXTargetDependency section */
		6E11DA561ED28E44003F09B2 /* PBXTargetDependency */ = {
			isa = PBXTargetDependency;
			target = 6E11DA3C1ED28E43003F09B2 /* TacoPOP */;
			targetProxy = 6E11DA551ED28E44003F09B2 /* PBXContainerItemProxy */;
		};
/* End PBXTargetDependency section */

/* Begin PBXVariantGroup section */
		6E11DA441ED28E43003F09B2 /* Main.storyboard */ = {
			isa = PBXVariantGroup;
			children = (
				6E11DA451ED28E43003F09B2 /* Base */,
			);
			name = Main.storyboard;
			sourceTree = "<group>";
		};
		6E11DA4C1ED28E43003F09B2 /* LaunchScreen.storyboard */ = {
			isa = PBXVariantGroup;
			children = (
				6E11DA4D1ED28E43003F09B2 /* Base */,
			);
			name = LaunchScreen.storyboard;
			sourceTree = "<group>";
		};
/* End PBXVariantGroup section */

/* Begin XCBuildConfiguration section */
		6E11DA5B1ED28E44003F09B2 /* Debug */ = {
			isa = XCBuildConfiguration;
			buildSettings = {
				ALWAYS_SEARCH_USER_PATHS = NO;
				CLANG_ANALYZER_NONNULL = YES;
				CLANG_ANALYZER_NUMBER_OBJECT_CONVERSION = YES_AGGRESSIVE;
				CLANG_CXX_LANGUAGE_STANDARD = "gnu++0x";
				CLANG_CXX_LIBRARY = "libc++";
				CLANG_ENABLE_MODULES = YES;
				CLANG_ENABLE_OBJC_ARC = YES;
				CLANG_WARN_BOOL_CONVERSION = YES;
				CLANG_WARN_CONSTANT_CONVERSION = YES;
				CLANG_WARN_DIRECT_OBJC_ISA_USAGE = YES_ERROR;
				CLANG_WARN_DOCUMENTATION_COMMENTS = YES;
				CLANG_WARN_EMPTY_BODY = YES;
				CLANG_WARN_ENUM_CONVERSION = YES;
				CLANG_WARN_INFINITE_RECURSION = YES;
				CLANG_WARN_INT_CONVERSION = YES;
				CLANG_WARN_OBJC_ROOT_CLASS = YES_ERROR;
				CLANG_WARN_SUSPICIOUS_MOVE = YES;
				CLANG_WARN_UNREACHABLE_CODE = YES;
				CLANG_WARN__DUPLICATE_METHOD_MATCH = YES;
				"CODE_SIGN_IDENTITY[sdk=iphoneos*]" = "iPhone Developer";
				COPY_PHASE_STRIP = NO;
				DEBUG_INFORMATION_FORMAT = dwarf;
				ENABLE_STRICT_OBJC_MSGSEND = YES;
				ENABLE_TESTABILITY = YES;
				GCC_C_LANGUAGE_STANDARD = gnu99;
				GCC_DYNAMIC_NO_PIC = NO;
				GCC_NO_COMMON_BLOCKS = YES;
				GCC_OPTIMIZATION_LEVEL = 0;
				GCC_PREPROCESSOR_DEFINITIONS = (
					"DEBUG=1",
					"$(inherited)",
				);
				GCC_WARN_64_TO_32_BIT_CONVERSION = YES;
				GCC_WARN_ABOUT_RETURN_TYPE = YES_ERROR;
				GCC_WARN_UNDECLARED_SELECTOR = YES;
				GCC_WARN_UNINITIALIZED_AUTOS = YES_AGGRESSIVE;
				GCC_WARN_UNUSED_FUNCTION = YES;
				GCC_WARN_UNUSED_VARIABLE = YES;
				IPHONEOS_DEPLOYMENT_TARGET = 10.3;
				MTL_ENABLE_DEBUG_INFO = YES;
				ONLY_ACTIVE_ARCH = YES;
				SDKROOT = iphoneos;
				SWIFT_ACTIVE_COMPILATION_CONDITIONS = DEBUG;
				SWIFT_OPTIMIZATION_LEVEL = "-Onone";
				TARGETED_DEVICE_FAMILY = "1,2";
			};
			name = Debug;
		};
		6E11DA5C1ED28E44003F09B2 /* Release */ = {
			isa = XCBuildConfiguration;
			buildSettings = {
				ALWAYS_SEARCH_USER_PATHS = NO;
				CLANG_ANALYZER_NONNULL = YES;
				CLANG_ANALYZER_NUMBER_OBJECT_CONVERSION = YES_AGGRESSIVE;
				CLANG_CXX_LANGUAGE_STANDARD = "gnu++0x";
				CLANG_CXX_LIBRARY = "libc++";
				CLANG_ENABLE_MODULES = YES;
				CLANG_ENABLE_OBJC_ARC = YES;
				CLANG_WARN_BOOL_CONVERSION = YES;
				CLANG_WARN_CONSTANT_CONVERSION = YES;
				CLANG_WARN_DIRECT_OBJC_ISA_USAGE = YES_ERROR;
				CLANG_WARN_DOCUMENTATION_COMMENTS = YES;
				CLANG_WARN_EMPTY_BODY = YES;
				CLANG_WARN_ENUM_CONVERSION = YES;
				CLANG_WARN_INFINITE_RECURSION = YES;
				CLANG_WARN_INT_CONVERSION = YES;
				CLANG_WARN_OBJC_ROOT_CLASS = YES_ERROR;
				CLANG_WARN_SUSPICIOUS_MOVE = YES;
				CLANG_WARN_UNREACHABLE_CODE = YES;
				CLANG_WARN__DUPLICATE_METHOD_MATCH = YES;
				"CODE_SIGN_IDENTITY[sdk=iphoneos*]" = "iPhone Developer";
				COPY_PHASE_STRIP = NO;
				DEBUG_INFORMATION_FORMAT = "dwarf-with-dsym";
				ENABLE_NS_ASSERTIONS = NO;
				ENABLE_STRICT_OBJC_MSGSEND = YES;
				GCC_C_LANGUAGE_STANDARD = gnu99;
				GCC_NO_COMMON_BLOCKS = YES;
				GCC_WARN_64_TO_32_BIT_CONVERSION = YES;
				GCC_WARN_ABOUT_RETURN_TYPE = YES_ERROR;
				GCC_WARN_UNDECLARED_SELECTOR = YES;
				GCC_WARN_UNINITIALIZED_AUTOS = YES_AGGRESSIVE;
				GCC_WARN_UNUSED_FUNCTION = YES;
				GCC_WARN_UNUSED_VARIABLE = YES;
				IPHONEOS_DEPLOYMENT_TARGET = 10.3;
				MTL_ENABLE_DEBUG_INFO = NO;
				SDKROOT = iphoneos;
				SWIFT_OPTIMIZATION_LEVEL = "-Owholemodule";
				TARGETED_DEVICE_FAMILY = "1,2";
				VALIDATE_PRODUCT = YES;
			};
			name = Release;
		};
		6E11DA5E1ED28E44003F09B2 /* Debug */ = {
			isa = XCBuildConfiguration;
			buildSettings = {
				ASSETCATALOG_COMPILER_APPICON_NAME = AppIcon;
				INFOPLIST_FILE = TacoPOP/Info.plist;
				LD_RUNPATH_SEARCH_PATHS = "$(inherited) @executable_path/Frameworks";
				PRODUCT_BUNDLE_IDENTIFIER = com.dscode.TacoPOP;
				PRODUCT_NAME = "$(TARGET_NAME)";
				SWIFT_VERSION = 3.0;
			};
			name = Debug;
		};
		6E11DA5F1ED28E44003F09B2 /* Release */ = {
			isa = XCBuildConfiguration;
			buildSettings = {
				ASSETCATALOG_COMPILER_APPICON_NAME = AppIcon;
				INFOPLIST_FILE = TacoPOP/Info.plist;
				LD_RUNPATH_SEARCH_PATHS = "$(inherited) @executable_path/Frameworks";
				PRODUCT_BUNDLE_IDENTIFIER = com.dscode.TacoPOP;
				PRODUCT_NAME = "$(TARGET_NAME)";
				SWIFT_VERSION = 3.0;
			};
			name = Release;
		};
		6E11DA611ED28E44003F09B2 /* Debug */ = {
			isa = XCBuildConfiguration;
			buildSettings = {
				ALWAYS_EMBED_SWIFT_STANDARD_LIBRARIES = YES;
				BUNDLE_LOADER = "$(TEST_HOST)";
				INFOPLIST_FILE = TacoPOPTests/Info.plist;
				LD_RUNPATH_SEARCH_PATHS = "$(inherited) @executable_path/Frameworks @loader_path/Frameworks";
				PRODUCT_BUNDLE_IDENTIFIER = com.dscode.TacoPOPTests;
				PRODUCT_NAME = "$(TARGET_NAME)";
				SWIFT_VERSION = 3.0;
				TEST_HOST = "$(BUILT_PRODUCTS_DIR)/TacoPOP.app/TacoPOP";
			};
			name = Debug;
		};
		6E11DA621ED28E44003F09B2 /* Release */ = {
			isa = XCBuildConfiguration;
			buildSettings = {
				ALWAYS_EMBED_SWIFT_STANDARD_LIBRARIES = YES;
				BUNDLE_LOADER = "$(TEST_HOST)";
				INFOPLIST_FILE = TacoPOPTests/Info.plist;
				LD_RUNPATH_SEARCH_PATHS = "$(inherited) @executable_path/Frameworks @loader_path/Frameworks";
				PRODUCT_BUNDLE_IDENTIFIER = com.dscode.TacoPOPTests;
				PRODUCT_NAME = "$(TARGET_NAME)";
				SWIFT_VERSION = 3.0;
				TEST_HOST = "$(BUILT_PRODUCTS_DIR)/TacoPOP.app/TacoPOP";
			};
			name = Release;
		};
/* End XCBuildConfiguration section */

/* Begin XCConfigurationList section */
		6E11DA381ED28E43003F09B2 /* Build configuration list for PBXProject "TacoPOP" */ = {
			isa = XCConfigurationList;
			buildConfigurations = (
				6E11DA5B1ED28E44003F09B2 /* Debug */,
				6E11DA5C1ED28E44003F09B2 /* Release */,
			);
			defaultConfigurationIsVisible = 0;
			defaultConfigurationName = Release;
		};
		6E11DA5D1ED28E44003F09B2 /* Build configuration list for PBXNativeTarget "TacoPOP" */ = {
			isa = XCConfigurationList;
			buildConfigurations = (
				6E11DA5E1ED28E44003F09B2 /* Debug */,
				6E11DA5F1ED28E44003F09B2 /* Release */,
			);
			defaultConfigurationIsVisible = 0;
		};
		6E11DA601ED28E44003F09B2 /* Build configuration list for PBXNativeTarget "TacoPOPTests" */ = {
			isa = XCConfigurationList;
			buildConfigurations = (
				6E11DA611ED28E44003F09B2 /* Debug */,
				6E11DA621ED28E44003F09B2 /* Release */,
			);
			defaultConfigurationIsVisible = 0;
		};
/* End XCConfigurationList section */

/* Begin XCVersionGroup section */
		6E11DA471ED28E43003F09B2 /* TacoPOP.xcdatamodeld */ = {
			isa = XCVersionGroup;
			children = (
				6E11DA481ED28E43003F09B2 /* TacoPOP.xcdatamodel */,
			);
			currentVersion = 6E11DA481ED28E43003F09B2 /* TacoPOP.xcdatamodel */;
			path = TacoPOP.xcdatamodeld;
			sourceTree = "<group>";
			versionGroupType = wrapper.xcdatamodel;
		};
/* End XCVersionGroup section */
	};
	rootObject = 6E11DA351ED28E43003F09B2 /* Project object */;
}
